{
  "name": "pw-init",
  "version": "1.0.0",
  "lockfileVersion": 2,
  "requires": true,
  "packages": {
    "": {
      "name": "pw-init",
      "version": "1.0.0",
      "license": "ISC",
      "dependencies": {
        "@playwright/test": "^1.30.0",
        "allure-playwright": "^2.0.0-beta.26",
        "dotenv": "^16.0.3"
      }
    },
    "node_modules/@playwright/test": {
      "version": "1.30.0",
      "resolved": "https://registry.npmjs.org/@playwright/test/-/test-1.30.0.tgz",
      "integrity": "sha512-SVxkQw1xvn/Wk/EvBnqWIq6NLo1AppwbYOjNLmyU0R1RoQ3rLEBtmjTnElcnz8VEtn11fptj1ECxK0tgURhajw==",
      "dependencies": {
        "@types/node": "*",
        "playwright-core": "1.30.0"
      },
      "bin": {
        "playwright": "cli.js"
      },
      "engines": {
        "node": ">=14"
      }
    },
    "node_modules/@types/node": {
      "version": "18.11.18",
      "resolved": "https://registry.npmjs.org/@types/node/-/node-18.11.18.tgz",
      "integrity": "sha512-DHQpWGjyQKSHj3ebjFI/wRKcqQcdR+MoFBygntYOZytCqNfkd2ZC4ARDJ2DQqhjH5p85Nnd3jhUJIXrszFX/JA=="
    },
    "node_modules/allure-js-commons": {
      "version": "2.0.0-beta.26",
      "resolved": "https://registry.npmjs.org/allure-js-commons/-/allure-js-commons-2.0.0-beta.26.tgz",
      "integrity": "sha512-rGb3RT6hX3QDP08LlkBktRP9nstvX5VASoow87YOx7mynBv3UoIjNuwt9rmkWQ93tqTSZYIpJxgDVtkUdVLYsw==",
      "dependencies": {
        "properties": "^1.2.1",
        "uuid": "^8.3.0"
      }
    },
    "node_modules/allure-playwright": {
      "version": "2.0.0-beta.26",
      "resolved": "https://registry.npmjs.org/allure-playwright/-/allure-playwright-2.0.0-beta.26.tgz",
      "integrity": "sha512-HcsehXzb8+M3nP3gboxgPEt5SExIsl211LZ3eJ5hOf+2329xecMRAysJVNsZW6IzJMP47jGupBilVhJ3TQ9Ovw==",
      "dependencies": {
        "allure-js-commons": "2.0.0-beta.26"
      }
    },
    "node_modules/dotenv": {
      "version": "16.0.3",
      "resolved": "https://registry.npmjs.org/dotenv/-/dotenv-16.0.3.tgz",
      "integrity": "sha512-7GO6HghkA5fYG9TYnNxi14/7K9f5occMlp3zXAuSxn7CKCxt9xbNWG7yF8hTCSUchlfWSe3uLmlPfigevRItzQ==",
      "engines": {
        "node": ">=12"
      }
    },
    "node_modules/playwright-core": {
      "version": "1.30.0",
      "resolved": "https://registry.npmjs.org/playwright-core/-/playwright-core-1.30.0.tgz",
      "integrity": "sha512-7AnRmTCf+GVYhHbLJsGUtskWTE33SwMZkybJ0v6rqR1boxq2x36U7p1vDRV7HO2IwTZgmycracLxPEJI49wu4g==",
      "bin": {
        "playwright": "cli.js"
      },
      "engines": {
        "node": ">=14"
      }
    },
    "node_modules/properties": {
      "version": "1.2.1",
      "resolved": "https://registry.npmjs.org/properties/-/properties-1.2.1.tgz",
      "integrity": "sha512-qYNxyMj1JeW54i/EWEFsM1cVwxJbtgPp8+0Wg9XjNaK6VE/c4oRi6PNu5p7w1mNXEIQIjV5Wwn8v8Gz82/QzdQ==",
      "engines": {
        "node": ">=0.10"
      }
    },
    "node_modules/uuid": {
      "version": "8.3.2",
      "resolved": "https://registry.npmjs.org/uuid/-/uuid-8.3.2.tgz",
      "integrity": "sha512-+NYs2QeMWy+GWFOEm9xnn6HCDp0l7QBD7ml8zLUmJ+93Q5NF0NocErnwkTkXVFNiX3/fpC6afS8Dhb/gz7R7eg==",
      "bin": {
        "uuid": "dist/bin/uuid"
      }
    }
  },
  "dependencies": {
    "@playwright/test": {
      "version": "1.30.0",
      "resolved": "https://registry.npmjs.org/@playwright/test/-/test-1.30.0.tgz",
      "integrity": "sha512-SVxkQw1xvn/Wk/EvBnqWIq6NLo1AppwbYOjNLmyU0R1RoQ3rLEBtmjTnElcnz8VEtn11fptj1ECxK0tgURhajw==",
      "requires": {
        "@types/node": "*",
        "playwright-core": "1.30.0"
      }
    },
    "@types/node": {
      "version": "18.11.18",
      "resolved": "https://registry.npmjs.org/@types/node/-/node-18.11.18.tgz",
      "integrity": "sha512-DHQpWGjyQKSHj3ebjFI/wRKcqQcdR+MoFBygntYOZytCqNfkd2ZC4ARDJ2DQqhjH5p85Nnd3jhUJIXrszFX/JA=="
    },
    "allure-js-commons": {
      "version": "2.0.0-beta.26",
      "resolved": "https://registry.npmjs.org/allure-js-commons/-/allure-js-commons-2.0.0-beta.26.tgz",
      "integrity": "sha512-rGb3RT6hX3QDP08LlkBktRP9nstvX5VASoow87YOx7mynBv3UoIjNuwt9rmkWQ93tqTSZYIpJxgDVtkUdVLYsw==",
      "requires": {
        "properties": "^1.2.1",
        "uuid": "^8.3.0"
      }
    },
    "allure-playwright": {
      "version": "2.0.0-beta.26",
      "resolved": "https://registry.npmjs.org/allure-playwright/-/allure-playwright-2.0.0-beta.26.tgz",
      "integrity": "sha512-HcsehXzb8+M3nP3gboxgPEt5SExIsl211LZ3eJ5hOf+2329xecMRAysJVNsZW6IzJMP47jGupBilVhJ3TQ9Ovw==",
      "requires": {
        "allure-js-commons": "2.0.0-beta.26"
      }
    },
    "dotenv": {
      "version": "16.0.3",
      "resolved": "https://registry.npmjs.org/dotenv/-/dotenv-16.0.3.tgz",
      "integrity": "sha512-7GO6HghkA5fYG9TYnNxi14/7K9f5occMlp3zXAuSxn7CKCxt9xbNWG7yF8hTCSUchlfWSe3uLmlPfigevRItzQ=="
    },
    "playwright-core": {
      "version": "1.30.0",
      "resolved": "https://registry.npmjs.org/playwright-core/-/playwright-core-1.30.0.tgz",
      "integrity": "sha512-7AnRmTCf+GVYhHbLJsGUtskWTE33SwMZkybJ0v6rqR1boxq2x36U7p1vDRV7HO2IwTZgmycracLxPEJI49wu4g=="
    },
    "properties": {
      "version": "1.2.1",
      "resolved": "https://registry.npmjs.org/properties/-/properties-1.2.1.tgz",
      "integrity": "sha512-qYNxyMj1JeW54i/EWEFsM1cVwxJbtgPp8+0Wg9XjNaK6VE/c4oRi6PNu5p7w1mNXEIQIjV5Wwn8v8Gz82/QzdQ=="
    },
    "uuid": {
      "version": "8.3.2",
      "resolved": "https://registry.npmjs.org/uuid/-/uuid-8.3.2.tgz",
      "integrity": "sha512-+NYs2QeMWy+GWFOEm9xnn6HCDp0l7QBD7ml8zLUmJ+93Q5NF0NocErnwkTkXVFNiX3/fpC6afS8Dhb/gz7R7eg=="
    }
  }
}
